
Microsoft Visual Studio Solution File, Format Version 12.00
# Visual Studio 14
VisualStudioVersion = 14.0.22823.1
MinimumVisualStudioVersion = 10.0.40219.1
Project("{00D1A9C2-B5F0-4AF3-8072-F6C62B433612}") = "Brigadier.Database", "Brigadier.Database\Brigadier.Database.sqlproj", "{0AE3B76A-40C5-4C0D-A21C-62EEC9D144E0}"
EndProject
Project("{FAE04EC0-301F-11D3-BF4B-00C04F79EFBC}") = "Brigadier.EntityFramework", "Brigadier.EntityFramework\Brigadier.EntityFramework.csproj", "{A1A9C3A1-888C-414E-8294-9002E152D0C4}"
EndProject
Project("{FAE04EC0-301F-11D3-BF4B-00C04F79EFBC}") = "Brigadier.Web", "Brigadier.Web\Brigadier.Web.csproj", "{2508E134-8B12-4B94-B968-7FF2F3779235}"
EndProject
Project("{FAE04EC0-301F-11D3-BF4B-00C04F79EFBC}") = "Brigadier.Reader", "Brigadier.Reader\Brigadier.Reader.csproj", "{34F4F0A5-BCF3-437D-A530-66001CFFD935}"
EndProject
Global
	GlobalSection(SolutionConfigurationPlatforms) = preSolution
		Debug|Any CPU = Debug|Any CPU
		Release|Any CPU = Release|Any CPU
	EndGlobalSection
	GlobalSection(ProjectConfigurationPlatforms) = postSolution
		{0AE3B76A-40C5-4C0D-A21C-62EEC9D144E0}.Debug|Any CPU.ActiveCfg = Debug|Any CPU
		{0AE3B76A-40C5-4C0D-A21C-62EEC9D144E0}.Debug|Any CPU.Build.0 = Debug|Any CPU
		{0AE3B76A-40C5-4C0D-A21C-62EEC9D144E0}.Debug|Any CPU.Deploy.0 = Debug|Any CPU
		{0AE3B76A-40C5-4C0D-A21C-62EEC9D144E0}.Release|Any CPU.ActiveCfg = Release|Any CPU
		{0AE3B76A-40C5-4C0D-A21C-62EEC9D144E0}.Release|Any CPU.Build.0 = Release|Any CPU
		{0AE3B76A-40C5-4C0D-A21C-62EEC9D144E0}.Release|Any CPU.Deploy.0 = Release|Any CPU
		{A1A9C3A1-888C-414E-8294-9002E152D0C4}.Debug|Any CPU.ActiveCfg = Debug|Any CPU
		{A1A9C3A1-888C-414E-8294-9002E152D0C4}.Debug|Any CPU.Build.0 = Debug|Any CPU
		{A1A9C3A1-888C-414E-8294-9002E152D0C4}.Release|Any CPU.ActiveCfg = Release|Any CPU
		{A1A9C3A1-888C-414E-8294-9002E152D0C4}.Release|Any CPU.Build.0 = Release|Any CPU
		{2508E134-8B12-4B94-B968-7FF2F3779235}.Debug|Any CPU.ActiveCfg = Debug|Any CPU
		{2508E134-8B12-4B94-B968-7FF2F3779235}.Debug|Any CPU.Build.0 = Debug|Any CPU
		{2508E134-8B12-4B94-B968-7FF2F3779235}.Release|Any CPU.ActiveCfg = Release|Any CPU
		{2508E134-8B12-4B94-B968-7FF2F3779235}.Release|Any CPU.Build.0 = Release|Any CPU
		{34F4F0A5-BCF3-437D-A530-66001CFFD935}.Debug|Any CPU.ActiveCfg = Debug|Any CPU
		{34F4F0A5-BCF3-437D-A530-66001CFFD935}.Debug|Any CPU.Build.0 = Debug|Any CPU
		{34F4F0A5-BCF3-437D-A530-66001CFFD935}.Release|Any CPU.ActiveCfg = Release|Any CPU
		{34F4F0A5-BCF3-437D-A530-66001CFFD935}.Release|Any CPU.Build.0 = Release|Any CPU
	EndGlobalSection
	GlobalSection(SolutionProperties) = preSolution
		HideSolutionNode = FALSE
	EndGlobalSection
EndGlobal
